// !$*UTF8*$!
{
	archiveVersion = 1;
	classes = {
	};
	objectVersion = 56;
	objects = {

/* Begin PBXBuildFile section */
		DCA232F92AE9E948000EAF2F /* AppDelegate.swift in Sources */ = {isa = PBXBuildFile; fileRef = DCA232F82AE9E948000EAF2F /* AppDelegate.swift */; };
		DCA232FB2AE9E948000EAF2F /* SceneDelegate.swift in Sources */ = {isa = PBXBuildFile; fileRef = DCA232FA2AE9E948000EAF2F /* SceneDelegate.swift */; };
		DCA232FD2AE9E948000EAF2F /* HomePage.swift in Sources */ = {isa = PBXBuildFile; fileRef = DCA232FC2AE9E948000EAF2F /* HomePage.swift */; };
		DCA233002AE9E948000EAF2F /* Main.storyboard in Resources */ = {isa = PBXBuildFile; fileRef = DCA232FE2AE9E948000EAF2F /* Main.storyboard */; };
		DCA233022AE9E94A000EAF2F /* Assets.xcassets in Resources */ = {isa = PBXBuildFile; fileRef = DCA233012AE9E94A000EAF2F /* Assets.xcassets */; };
		DCA233052AE9E94A000EAF2F /* LaunchScreen.storyboard in Resources */ = {isa = PBXBuildFile; fileRef = DCA233032AE9E94A000EAF2F /* LaunchScreen.storyboard */; };
		DCA233122AE9E9B3000EAF2F /* Films.swift in Sources */ = {isa = PBXBuildFile; fileRef = DCA233112AE9E9B3000EAF2F /* Films.swift */; };
		DCA233152AE9E9E8000EAF2F /* FilmCell.swift in Sources */ = {isa = PBXBuildFile; fileRef = DCA233142AE9E9E8000EAF2F /* FilmCell.swift */; };
		DCA233172AE9E9F8000EAF2F /* DetailPage.swift in Sources */ = {isa = PBXBuildFile; fileRef = DCA233162AE9E9F8000EAF2F /* DetailPage.swift */; };
		DCA2331B2AE9F739000EAF2F /* RxBlocking in Frameworks */ = {isa = PBXBuildFile; productRef = DCA2331A2AE9F739000EAF2F /* RxBlocking */; };
		DCA2331D2AE9F739000EAF2F /* RxBlocking-Dynamic in Frameworks */ = {isa = PBXBuildFile; productRef = DCA2331C2AE9F739000EAF2F /* RxBlocking-Dynamic */; };
		DCA2331F2AE9F739000EAF2F /* RxCocoa in Frameworks */ = {isa = PBXBuildFile; productRef = DCA2331E2AE9F739000EAF2F /* RxCocoa */; };
		DCA233212AE9F739000EAF2F /* RxCocoa-Dynamic in Frameworks */ = {isa = PBXBuildFile; productRef = DCA233202AE9F739000EAF2F /* RxCocoa-Dynamic */; };
		DCA233232AE9F739000EAF2F /* RxRelay in Frameworks */ = {isa = PBXBuildFile; productRef = DCA233222AE9F739000EAF2F /* RxRelay */; };
		DCA233252AE9F771000EAF2F /* FilmsDaoRepository.swift in Sources */ = {isa = PBXBuildFile; fileRef = DCA233242AE9F771000EAF2F /* FilmsDaoRepository.swift */; };
		DCA233282AE9F7D4000EAF2F /* HomePageViewModel.swift in Sources */ = {isa = PBXBuildFile; fileRef = DCA233272AE9F7D4000EAF2F /* HomePageViewModel.swift */; };
/* End PBXBuildFile section */

/* Begin PBXFileReference section */
		DCA232F52AE9E948000EAF2F /* Films App (Draft Plan) MVVM.app */ = {isa = PBXFileReference; explicitFileType = wrapper.application; includeInIndex = 0; path = "Films App (Draft Plan) MVVM.app"; sourceTree = BUILT_PRODUCTS_DIR; };
		DCA232F82AE9E948000EAF2F /* AppDelegate.swift */ = {isa = PBXFileReference; lastKnownFileType = sourcecode.swift; path = AppDelegate.swift; sourceTree = "<group>"; };
		DCA232FA2AE9E948000EAF2F /* SceneDelegate.swift */ = {isa = PBXFileReference; lastKnownFileType = sourcecode.swift; path = SceneDelegate.swift; sourceTree = "<group>"; };
		DCA232FC2AE9E948000EAF2F /* HomePage.swift */ = {isa = PBXFileReference; lastKnownFileType = sourcecode.swift; path = HomePage.swift; sourceTree = "<group>"; };
		DCA232FF2AE9E948000EAF2F /* Base */ = {isa = PBXFileReference; lastKnownFileType = file.storyboard; name = Base; path = Base.lproj/Main.storyboard; sourceTree = "<group>"; };
		DCA233012AE9E94A000EAF2F /* Assets.xcassets */ = {isa = PBXFileReference; lastKnownFileType = folder.assetcatalog; path = Assets.xcassets; sourceTree = "<group>"; };
		DCA233042AE9E94A000EAF2F /* Base */ = {isa = PBXFileReference; lastKnownFileType = file.storyboard; name = Base; path = Base.lproj/LaunchScreen.storyboard; sourceTree = "<group>"; };
		DCA233062AE9E94A000EAF2F /* Info.plist */ = {isa = PBXFileReference; lastKnownFileType = text.plist.xml; path = Info.plist; sourceTree = "<group>"; };
		DCA233112AE9E9B3000EAF2F /* Films.swift */ = {isa = PBXFileReference; lastKnownFileType = sourcecode.swift; path = Films.swift; sourceTree = "<group>"; };
		DCA233142AE9E9E8000EAF2F /* FilmCell.swift */ = {isa = PBXFileReference; lastKnownFileType = sourcecode.swift; path = FilmCell.swift; sourceTree = "<group>"; };
		DCA233162AE9E9F8000EAF2F /* DetailPage.swift */ = {isa = PBXFileReference; lastKnownFileType = sourcecode.swift; path = DetailPage.swift; sourceTree = "<group>"; };
		DCA233242AE9F771000EAF2F /* FilmsDaoRepository.swift */ = {isa = PBXFileReference; lastKnownFileType = sourcecode.swift; path = FilmsDaoRepository.swift; sourceTree = "<group>"; };
		DCA233272AE9F7D4000EAF2F /* HomePageViewModel.swift */ = {isa = PBXFileReference; lastKnownFileType = sourcecode.swift; path = HomePageViewModel.swift; sourceTree = "<group>"; };
/* End PBXFileReference section */

/* Begin PBXFrameworksBuildPhase section */
		DCA232F22AE9E948000EAF2F /* Frameworks */ = {
			isa = PBXFrameworksBuildPhase;
			buildActionMask = 2147483647;
			files = (
				DCA233232AE9F739000EAF2F /* RxRelay in Frameworks */,
				DCA233212AE9F739000EAF2F /* RxCocoa-Dynamic in Frameworks */,
				DCA2331F2AE9F739000EAF2F /* RxCocoa in Frameworks */,
				DCA2331B2AE9F739000EAF2F /* RxBlocking in Frameworks */,
				DCA2331D2AE9F739000EAF2F /* RxBlocking-Dynamic in Frameworks */,
			);
			runOnlyForDeploymentPostprocessing = 0;
		};
/* End PBXFrameworksBuildPhase section */

/* Begin PBXGroup section */
		DCA232EC2AE9E948000EAF2F = {
			isa = PBXGroup;
			children = (
				DCA232F72AE9E948000EAF2F /* Films App (Draft Plan) MVVM */,
				DCA232F62AE9E948000EAF2F /* Products */,
			);
			sourceTree = "<group>";
		};
		DCA232F62AE9E948000EAF2F /* Products */ = {
			isa = PBXGroup;
			children = (
				DCA232F52AE9E948000EAF2F /* Films App (Draft Plan) MVVM.app */,
			);
			name = Products;
			sourceTree = "<group>";
		};
		DCA232F72AE9E948000EAF2F /* Films App (Draft Plan) MVVM */ = {
			isa = PBXGroup;
			children = (
				DCA232F82AE9E948000EAF2F /* AppDelegate.swift */,
				DCA232FA2AE9E948000EAF2F /* SceneDelegate.swift */,
				DCA2330C2AE9E986000EAF2F /* UI */,
				DCA2330F2AE9E99A000EAF2F /* Data */,
				DCA232FE2AE9E948000EAF2F /* Main.storyboard */,
				DCA233012AE9E94A000EAF2F /* Assets.xcassets */,
				DCA233032AE9E94A000EAF2F /* LaunchScreen.storyboard */,
				DCA233062AE9E94A000EAF2F /* Info.plist */,
			);
			path = "Films App (Draft Plan) MVVM";
			sourceTree = "<group>";
		};
		DCA2330C2AE9E986000EAF2F /* UI */ = {
			isa = PBXGroup;
			children = (
				DCA233262AE9F7CB000EAF2F /* ViewModel */,
				DCA2330E2AE9E991000EAF2F /* CollectionView */,
				DCA2330D2AE9E98B000EAF2F /* Views */,
			);
			path = UI;
			sourceTree = "<group>";
		};
		DCA2330D2AE9E98B000EAF2F /* Views */ = {
			isa = PBXGroup;
			children = (
				DCA232FC2AE9E948000EAF2F /* HomePage.swift */,
				DCA233162AE9E9F8000EAF2F /* DetailPage.swift */,
			);
			path = Views;
			sourceTree = "<group>";
		};
		DCA2330E2AE9E991000EAF2F /* CollectionView */ = {
			isa = PBXGroup;
			children = (
				DCA233142AE9E9E8000EAF2F /* FilmCell.swift */,
			);
			path = CollectionView;
			sourceTree = "<group>";
		};
		DCA2330F2AE9E99A000EAF2F /* Data */ = {
			isa = PBXGroup;
			children = (
				DCA233182AE9F72A000EAF2F /* Repository */,
				DCA233102AE9E99D000EAF2F /* Entity */,
			);
			path = Data;
			sourceTree = "<group>";
		};
		DCA233102AE9E99D000EAF2F /* Entity */ = {
			isa = PBXGroup;
			children = (
				DCA233112AE9E9B3000EAF2F /* Films.swift */,
			);
			path = Entity;
			sourceTree = "<group>";
		};
		DCA233182AE9F72A000EAF2F /* Repository */ = {
			isa = PBXGroup;
			children = (
				DCA233242AE9F771000EAF2F /* FilmsDaoRepository.swift */,
			);
			path = Repository;
			sourceTree = "<group>";
		};
		DCA233262AE9F7CB000EAF2F /* ViewModel */ = {
			isa = PBXGroup;
			children = (
				DCA233272AE9F7D4000EAF2F /* HomePageViewModel.swift */,
			);
			path = ViewModel;
			sourceTree = "<group>";
		};
/* End PBXGroup section */

/* Begin PBXNativeTarget section */
		DCA232F42AE9E948000EAF2F /* Films App (Draft Plan) MVVM */ = {
			isa = PBXNativeTarget;
			buildConfigurationList = DCA233092AE9E94A000EAF2F /* Build configuration list for PBXNativeTarget "Films App (Draft Plan) MVVM" */;
			buildPhases = (
				DCA232F12AE9E948000EAF2F /* Sources */,
				DCA232F22AE9E948000EAF2F /* Frameworks */,
				DCA232F32AE9E948000EAF2F /* Resources */,
			);
			buildRules = (
			);
			dependencies = (
			);
			name = "Films App (Draft Plan) MVVM";
			packageProductDependencies = (
				DCA2331A2AE9F739000EAF2F /* RxBlocking */,
				DCA2331C2AE9F739000EAF2F /* RxBlocking-Dynamic */,
				DCA2331E2AE9F739000EAF2F /* RxCocoa */,
				DCA233202AE9F739000EAF2F /* RxCocoa-Dynamic */,
				DCA233222AE9F739000EAF2F /* RxRelay */,
			);
			productName = "Films App (Draft Plan) MVVM";
			productReference = DCA232F52AE9E948000EAF2F /* Films App (Draft Plan) MVVM.app */;
			productType = "com.apple.product-type.application";
		};
/* End PBXNativeTarget section */

/* Begin PBXProject section */
		DCA232ED2AE9E948000EAF2F /* Project object */ = {
			isa = PBXProject;
			attributes = {
				BuildIndependentTargetsInParallel = 1;
				LastSwiftUpdateCheck = 1500;
				LastUpgradeCheck = 1500;
				TargetAttributes = {
					DCA232F42AE9E948000EAF2F = {
						CreatedOnToolsVersion = 15.0;
					};
				};
			};
			buildConfigurationList = DCA232F02AE9E948000EAF2F /* Build configuration list for PBXProject "Films App (Draft Plan) MVVM" */;
			compatibilityVersion = "Xcode 14.0";
			developmentRegion = en;
			hasScannedForEncodings = 0;
			knownRegions = (
				en,
				Base,
			);
			mainGroup = DCA232EC2AE9E948000EAF2F;
			packageReferences = (
				DCA233192AE9F739000EAF2F /* XCRemoteSwiftPackageReference "RxSwift" */,
			);
			productRefGroup = DCA232F62AE9E948000EAF2F /* Products */;
			projectDirPath = "";
			projectRoot = "";
			targets = (
				DCA232F42AE9E948000EAF2F /* Films App (Draft Plan) MVVM */,
			);
		};
/* End PBXProject section */

/* Begin PBXResourcesBuildPhase section */
		DCA232F32AE9E948000EAF2F /* Resources */ = {
			isa = PBXResourcesBuildPhase;
			buildActionMask = 2147483647;
			files = (
				DCA233052AE9E94A000EAF2F /* LaunchScreen.storyboard in Resources */,
				DCA233022AE9E94A000EAF2F /* Assets.xcassets in Resources */,
				DCA233002AE9E948000EAF2F /* Main.storyboard in Resources */,
			);
			runOnlyForDeploymentPostprocessing = 0;
		};
/* End PBXResourcesBuildPhase section */

/* Begin PBXSourcesBuildPhase section */
		DCA232F12AE9E948000EAF2F /* Sources */ = {
			isa = PBXSourcesBuildPhase;
			buildActionMask = 2147483647;
			files = (
				DCA232FD2AE9E948000EAF2F /* HomePage.swift in Sources */,
				DCA233122AE9E9B3000EAF2F /* Films.swift in Sources */,
				DCA233252AE9F771000EAF2F /* FilmsDaoRepository.swift in Sources */,
				DCA232F92AE9E948000EAF2F /* AppDelegate.swift in Sources */,
				DCA233282AE9F7D4000EAF2F /* HomePageViewModel.swift in Sources */,
				DCA233172AE9E9F8000EAF2F /* DetailPage.swift in Sources */,
				DCA232FB2AE9E948000EAF2F /* SceneDelegate.swift in Sources */,
				DCA233152AE9E9E8000EAF2F /* FilmCell.swift in Sources */,
			);
			runOnlyForDeploymentPostprocessing = 0;
		};
/* End PBXSourcesBuildPhase section */

/* Begin PBXVariantGroup section */
		DCA232FE2AE9E948000EAF2F /* Main.storyboard */ = {
			isa = PBXVariantGroup;
			children = (
				DCA232FF2AE9E948000EAF2F /* Base */,
			);
			name = Main.storyboard;
			sourceTree = "<group>";
		};
		DCA233032AE9E94A000EAF2F /* LaunchScreen.storyboard */ = {
			isa = PBXVariantGroup;
			children = (
				DCA233042AE9E94A000EAF2F /* Base */,
			);
			name = LaunchScreen.storyboard;
			sourceTree = "<group>";
		};
/* End PBXVariantGroup section */

/* Begin XCBuildConfiguration section */
		DCA233072AE9E94A000EAF2F /* Debug */ = {
			isa = XCBuildConfiguration;
			buildSettings = {
				ALWAYS_SEARCH_USER_PATHS = NO;
				ASSETCATALOG_COMPILER_GENERATE_SWIFT_ASSET_SYMBOL_EXTENSIONS = YES;
				CLANG_ANALYZER_NONNULL = YES;
				CLANG_ANALYZER_NUMBER_OBJECT_CONVERSION = YES_AGGRESSIVE;
				CLANG_CXX_LANGUAGE_STANDARD = "gnu++20";
				CLANG_ENABLE_MODULES = YES;
				CLANG_ENABLE_OBJC_ARC = YES;
				CLANG_ENABLE_OBJC_WEAK = YES;
				CLANG_WARN_BLOCK_CAPTURE_AUTORELEASING = YES;
				CLANG_WARN_BOOL_CONVERSION = YES;
				CLANG_WARN_COMMA = YES;
				CLANG_WARN_CONSTANT_CONVERSION = YES;
				CLANG_WARN_DEPRECATED_OBJC_IMPLEMENTATIONS = YES;
				CLANG_WARN_DIRECT_OBJC_ISA_USAGE = YES_ERROR;
				CLANG_WARN_DOCUMENTATION_COMMENTS = YES;
				CLANG_WARN_EMPTY_BODY = YES;
				CLANG_WARN_ENUM_CONVERSION = YES;
				CLANG_WARN_INFINITE_RECURSION = YES;
				CLANG_WARN_INT_CONVERSION = YES;
				CLANG_WARN_NON_LITERAL_NULL_CONVERSION = YES;
				CLANG_WARN_OBJC_IMPLICIT_RETAIN_SELF = YES;
				CLANG_WARN_OBJC_LITERAL_CONVERSION = YES;
				CLANG_WARN_OBJC_ROOT_CLASS = YES_ERROR;
				CLANG_WARN_QUOTED_INCLUDE_IN_FRAMEWORK_HEADER = YES;
				CLANG_WARN_RANGE_LOOP_ANALYSIS = YES;
				CLANG_WARN_STRICT_PROTOTYPES = YES;
				CLANG_WARN_SUSPICIOUS_MOVE = YES;
				CLANG_WARN_UNGUARDED_AVAILABILITY = YES_AGGRESSIVE;
				CLANG_WARN_UNREACHABLE_CODE = YES;
				CLANG_WARN__DUPLICATE_METHOD_MATCH = YES;
				COPY_PHASE_STRIP = NO;
				DEBUG_INFORMATION_FORMAT = dwarf;
				ENABLE_STRICT_OBJC_MSGSEND = YES;
				ENABLE_TESTABILITY = YES;
				ENABLE_USER_SCRIPT_SANDBOXING = YES;
				GCC_C_LANGUAGE_STANDARD = gnu17;
				GCC_DYNAMIC_NO_PIC = NO;
				GCC_NO_COMMON_BLOCKS = YES;
				GCC_OPTIMIZATION_LEVEL = 0;
				GCC_PREPROCESSOR_DEFINITIONS = (
					"DEBUG=1",
					"$(inherited)",
				);
				GCC_WARN_64_TO_32_BIT_CONVERSION = YES;
				GCC_WARN_ABOUT_RETURN_TYPE = YES_ERROR;
				GCC_WARN_UNDECLARED_SELECTOR = YES;
				GCC_WARN_UNINITIALIZED_AUTOS = YES_AGGRESSIVE;
				GCC_WARN_UNUSED_FUNCTION = YES;
				GCC_WARN_UNUSED_VARIABLE = YES;
				IPHONEOS_DEPLOYMENT_TARGET = 17.0;
				LOCALIZATION_PREFERS_STRING_CATALOGS = YES;
				MTL_ENABLE_DEBUG_INFO = INCLUDE_SOURCE;
				MTL_FAST_MATH = YES;
				ONLY_ACTIVE_ARCH = YES;
				SDKROOT = iphoneos;
				SWIFT_ACTIVE_COMPILATION_CONDITIONS = "DEBUG $(inherited)";
				SWIFT_OPTIMIZATION_LEVEL = "-Onone";
			};
			name = Debug;
		};
		DCA233082AE9E94A000EAF2F /* Release */ = {
			isa = XCBuildConfiguration;
			buildSettings = {
				ALWAYS_SEARCH_USER_PATHS = NO;
				ASSETCATALOG_COMPILER_GENERATE_SWIFT_ASSET_SYMBOL_EXTENSIONS = YES;
				CLANG_ANALYZER_NONNULL = YES;
				CLANG_ANALYZER_NUMBER_OBJECT_CONVERSION = YES_AGGRESSIVE;
				CLANG_CXX_LANGUAGE_STANDARD = "gnu++20";
				CLANG_ENABLE_MODULES = YES;
				CLANG_ENABLE_OBJC_ARC = YES;
				CLANG_ENABLE_OBJC_WEAK = YES;
				CLANG_WARN_BLOCK_CAPTURE_AUTORELEASING = YES;
				CLANG_WARN_BOOL_CONVERSION = YES;
				CLANG_WARN_COMMA = YES;
				CLANG_WARN_CONSTANT_CONVERSION = YES;
				CLANG_WARN_DEPRECATED_OBJC_IMPLEMENTATIONS = YES;
				CLANG_WARN_DIRECT_OBJC_ISA_USAGE = YES_ERROR;
				CLANG_WARN_DOCUMENTATION_COMMENTS = YES;
				CLANG_WARN_EMPTY_BODY = YES;
				CLANG_WARN_ENUM_CONVERSION = YES;
				CLANG_WARN_INFINITE_RECURSION = YES;
				CLANG_WARN_INT_CONVERSION = YES;
				CLANG_WARN_NON_LITERAL_NULL_CONVERSION = YES;
				CLANG_WARN_OBJC_IMPLICIT_RETAIN_SELF = YES;
				CLANG_WARN_OBJC_LITERAL_CONVERSION = YES;
				CLANG_WARN_OBJC_ROOT_CLASS = YES_ERROR;
				CLANG_WARN_QUOTED_INCLUDE_IN_FRAMEWORK_HEADER = YES;
				CLANG_WARN_RANGE_LOOP_ANALYSIS = YES;
				CLANG_WARN_STRICT_PROTOTYPES = YES;
				CLANG_WARN_SUSPICIOUS_MOVE = YES;
				CLANG_WARN_UNGUARDED_AVAILABILITY = YES_AGGRESSIVE;
				CLANG_WARN_UNREACHABLE_CODE = YES;
				CLANG_WARN__DUPLICATE_METHOD_MATCH = YES;
				COPY_PHASE_STRIP = NO;
				DEBUG_INFORMATION_FORMAT = "dwarf-with-dsym";
				ENABLE_NS_ASSERTIONS = NO;
				ENABLE_STRICT_OBJC_MSGSEND = YES;
				ENABLE_USER_SCRIPT_SANDBOXING = YES;
				GCC_C_LANGUAGE_STANDARD = gnu17;
				GCC_NO_COMMON_BLOCKS = YES;
				GCC_WARN_64_TO_32_BIT_CONVERSION = YES;
				GCC_WARN_ABOUT_RETURN_TYPE = YES_ERROR;
				GCC_WARN_UNDECLARED_SELECTOR = YES;
				GCC_WARN_UNINITIALIZED_AUTOS = YES_AGGRESSIVE;
				GCC_WARN_UNUSED_FUNCTION = YES;
				GCC_WARN_UNUSED_VARIABLE = YES;
				IPHONEOS_DEPLOYMENT_TARGET = 17.0;
				LOCALIZATION_PREFERS_STRING_CATALOGS = YES;
				MTL_ENABLE_DEBUG_INFO = NO;
				MTL_FAST_MATH = YES;
				SDKROOT = iphoneos;
				SWIFT_COMPILATION_MODE = wholemodule;
				VALIDATE_PRODUCT = YES;
			};
			name = Release;
		};
		DCA2330A2AE9E94A000EAF2F /* Debug */ = {
			isa = XCBuildConfiguration;
			buildSettings = {
				ASSETCATALOG_COMPILER_APPICON_NAME = AppIcon;
				ASSETCATALOG_COMPILER_GLOBAL_ACCENT_COLOR_NAME = AccentColor;
				CODE_SIGN_STYLE = Automatic;
				CURRENT_PROJECT_VERSION = 1;
				DEVELOPMENT_TEAM = 3755NX4L2K;
				GENERATE_INFOPLIST_FILE = YES;
				INFOPLIST_FILE = "Films App (Draft Plan) MVVM/Info.plist";
				INFOPLIST_KEY_UIApplicationSupportsIndirectInputEvents = YES;
				INFOPLIST_KEY_UILaunchStoryboardName = LaunchScreen;
				INFOPLIST_KEY_UIMainStoryboardFile = Main;
				INFOPLIST_KEY_UISupportedInterfaceOrientations_iPad = "UIInterfaceOrientationPortrait UIInterfaceOrientationPortraitUpsideDown UIInterfaceOrientationLandscapeLeft UIInterfaceOrientationLandscapeRight";
				INFOPLIST_KEY_UISupportedInterfaceOrientations_iPhone = "UIInterfaceOrientationPortrait UIInterfaceOrientationLandscapeLeft UIInterfaceOrientationLandscapeRight";
				LD_RUNPATH_SEARCH_PATHS = (
					"$(inherited)",
					"@executable_path/Frameworks",
				);
				MARKETING_VERSION = 1.0;
				PRODUCT_BUNDLE_IDENTIFIER = "com.ahmeterkut.Films-App--Draft-Plan--MVVM";
				PRODUCT_NAME = "$(TARGET_NAME)";
				SWIFT_EMIT_LOC_STRINGS = YES;
				SWIFT_VERSION = 5.0;
				TARGETED_DEVICE_FAMILY = "1,2";
			};
			name = Debug;
		};
		DCA2330B2AE9E94A000EAF2F /* Release */ = {
			isa = XCBuildConfiguration;
			buildSettings = {
				ASSETCATALOG_COMPILER_APPICON_NAME = AppIcon;
				ASSETCATALOG_COMPILER_GLOBAL_ACCENT_COLOR_NAME = AccentColor;
				CODE_SIGN_STYLE = Automatic;
				CURRENT_PROJECT_VERSION = 1;
				DEVELOPMENT_TEAM = 3755NX4L2K;
				GENERATE_INFOPLIST_FILE = YES;
				INFOPLIST_FILE = "Films App (Draft Plan) MVVM/Info.plist";
				INFOPLIST_KEY_UIApplicationSupportsIndirectInputEvents = YES;
				INFOPLIST_KEY_UILaunchStoryboardName = LaunchScreen;
				INFOPLIST_KEY_UIMainStoryboardFile = Main;
				INFOPLIST_KEY_UISupportedInterfaceOrientations_iPad = "UIInterfaceOrientationPortrait UIInterfaceOrientationPortraitUpsideDown UIInterfaceOrientationLandscapeLeft UIInterfaceOrientationLandscapeRight";
				INFOPLIST_KEY_UISupportedInterfaceOrientations_iPhone = "UIInterfaceOrientationPortrait UIInterfaceOrientationLandscapeLeft UIInterfaceOrientationLandscapeRight";
				LD_RUNPATH_SEARCH_PATHS = (
					"$(inherited)",
					"@executable_path/Frameworks",
				);
				MARKETING_VERSION = 1.0;
				PRODUCT_BUNDLE_IDENTIFIER = "com.ahmeterkut.Films-App--Draft-Plan--MVVM";
				PRODUCT_NAME = "$(TARGET_NAME)";
				SWIFT_EMIT_LOC_STRINGS = YES;
				SWIFT_VERSION = 5.0;
				TARGETED_DEVICE_FAMILY = "1,2";
			};
			name = Release;
		};
/* End XCBuildConfiguration section */

/* Begin XCConfigurationList section */
		DCA232F02AE9E948000EAF2F /* Build configuration list for PBXProject "Films App (Draft Plan) MVVM" */ = {
			isa = XCConfigurationList;
			buildConfigurations = (
				DCA233072AE9E94A000EAF2F /* Debug */,
				DCA233082AE9E94A000EAF2F /* Release */,
			);
			defaultConfigurationIsVisible = 0;
			defaultConfigurationName = Release;
		};
		DCA233092AE9E94A000EAF2F /* Build configuration list for PBXNativeTarget "Films App (Draft Plan) MVVM" */ = {
			isa = XCConfigurationList;
			buildConfigurations = (
				DCA2330A2AE9E94A000EAF2F /* Debug */,
				DCA2330B2AE9E94A000EAF2F /* Release */,
			);
			defaultConfigurationIsVisible = 0;
			defaultConfigurationName = Release;
		};
/* End XCConfigurationList section */

/* Begin XCRemoteSwiftPackageReference section */
		DCA233192AE9F739000EAF2F /* XCRemoteSwiftPackageReference "RxSwift" */ = {
			isa = XCRemoteSwiftPackageReference;
			repositoryURL = "https://github.com/ReactiveX/RxSwift.git";
			requirement = {
				kind = upToNextMajorVersion;
				minimumVersion = 6.6.0;
			};
		};
/* End XCRemoteSwiftPackageReference section */

/* Begin XCSwiftPackageProductDependency section */
		DCA2331A2AE9F739000EAF2F /* RxBlocking */ = {
			isa = XCSwiftPackageProductDependency;
			package = DCA233192AE9F739000EAF2F /* XCRemoteSwiftPackageReference "RxSwift" */;
			productName = RxBlocking;
		};
		DCA2331C2AE9F739000EAF2F /* RxBlocking-Dynamic */ = {
			isa = XCSwiftPackageProductDependency;
			package = DCA233192AE9F739000EAF2F /* XCRemoteSwiftPackageReference "RxSwift" */;
			productName = "RxBlocking-Dynamic";
		};
		DCA2331E2AE9F739000EAF2F /* RxCocoa */ = {
			isa = XCSwiftPackageProductDependency;
			package = DCA233192AE9F739000EAF2F /* XCRemoteSwiftPackageReference "RxSwift" */;
			productName = RxCocoa;
		};
		DCA233202AE9F739000EAF2F /* RxCocoa-Dynamic */ = {
			isa = XCSwiftPackageProductDependency;
			package = DCA233192AE9F739000EAF2F /* XCRemoteSwiftPackageReference "RxSwift" */;
			productName = "RxCocoa-Dynamic";
		};
		DCA233222AE9F739000EAF2F /* RxRelay */ = {
			isa = XCSwiftPackageProductDependency;
			package = DCA233192AE9F739000EAF2F /* XCRemoteSwiftPackageReference "RxSwift" */;
			productName = RxRelay;
		};
/* End XCSwiftPackageProductDependency section */
	};
	rootObject = DCA232ED2AE9E948000EAF2F /* Project object */;
}
